{
  "name": "svelte-netlify-identity",
  "version": "1.0.0",
  "lockfileVersion": 1,
  "requires": true,
  "dependencies": {
    "gotrue-js": {
      "version": "0.9.25",
      "resolved": "https://registry.npmjs.org/gotrue-js/-/gotrue-js-0.9.25.tgz",
      "integrity": "sha512-W3U3TqItiHfpYODlH8hA7dwnui9pu4iDsDbE7UuqS/ODJ5r3/+nlBe30ir4cemRMy16oyPpuvq23l9EjiCD7kg==",
      "requires": {
        "micro-api-client": "^3.2.1"
      }
    },
    "micro-api-client": {
      "version": "3.3.0",
      "resolved": "https://registry.npmjs.org/micro-api-client/-/micro-api-client-3.3.0.tgz",
      "integrity": "sha512-y0y6CUB9RLVsy3kfgayU28746QrNMpSm9O/AYGNsBgOkJr/X/Jk0VLGoO8Ude7Bpa8adywzF+MzXNZRFRsNPhg=="
    },
    "prettier": {
      "version": "1.19.1",
      "resolved": "https://registry.npmjs.org/prettier/-/prettier-1.19.1.tgz",
      "integrity": "sha512-s7PoyDv/II1ObgQunCbB9PdLmUcBZcnWOcxDh7O0N/UwDEsHyqkW+Qh28jW+mVuCdx7gLB0BotYI1Y6uI9iyew==",
      "dev": true
    },
    "prettier-plugin-svelte": {
      "version": "0.7.0",
      "resolved": "https://registry.npmjs.org/prettier-plugin-svelte/-/prettier-plugin-svelte-0.7.0.tgz",
      "integrity": "sha512-SuZSeMh48rx42kCFEpI/xE1XgjxQcS3r22Yo7jIhBYRhwbAa8laNxiIHsfeWWkX8BdyELkEayaTQp4ricckwTQ==",
      "dev": true,
      "requires": {
        "tslib": "^1.9.3"
      }
    },
    "svelte-routing": {
      "version": "1.4.0",
      "resolved": "https://registry.npmjs.org/svelte-routing/-/svelte-routing-1.4.0.tgz",
      "integrity": "sha512-09ypn0/vD2PcuyZEEocUHFgi7kvLOxSoUUuJZ4j3p4Y4sT/kMIWtHIRpnLdsr8bQ+sGo77sbEkO+av6yd1RjPg=="
    },
    "tslib": {
      "version": "1.10.0",
      "resolved": "https://registry.npmjs.org/tslib/-/tslib-1.10.0.tgz",
      "integrity": "sha512-qOebF53frne81cf0S9B41ByenJ3/IuH8yJKngAX35CmiZySA0khhkovshKK+jGCaMnVomla7gVlIcc3EvKPbTQ==",
      "dev": true
    }
  }
}
